// !$*UTF8*$!
{
	archiveVersion = 1;
	classes = {
	};
	objectVersion = 50;
	objects = {

/* Begin PBXBuildFile section */
		A44A475C248A3F700065E0E1 /* MenuCollectionViewCell.swift in Sources */ = {isa = PBXBuildFile; fileRef = A44A475B248A3F700065E0E1 /* MenuCollectionViewCell.swift */; };
		A44A4760248A4D010065E0E1 /* Menu.swift in Sources */ = {isa = PBXBuildFile; fileRef = A44A475F248A4D010065E0E1 /* Menu.swift */; };
		A47FB0DE247F1FF7009ED792 /* AppDelegate.swift in Sources */ = {isa = PBXBuildFile; fileRef = A47FB0DD247F1FF7009ED792 /* AppDelegate.swift */; };
		A47FB0E0247F1FF7009ED792 /* SceneDelegate.swift in Sources */ = {isa = PBXBuildFile; fileRef = A47FB0DF247F1FF7009ED792 /* SceneDelegate.swift */; };
		A47FB0E2247F1FF7009ED792 /* ViewController.swift in Sources */ = {isa = PBXBuildFile; fileRef = A47FB0E1247F1FF7009ED792 /* ViewController.swift */; };
		A47FB0E5247F1FF7009ED792 /* Main.storyboard in Resources */ = {isa = PBXBuildFile; fileRef = A47FB0E3247F1FF7009ED792 /* Main.storyboard */; };
		A47FB0E7247F1FF8009ED792 /* Assets.xcassets in Resources */ = {isa = PBXBuildFile; fileRef = A47FB0E6247F1FF8009ED792 /* Assets.xcassets */; };
		A47FB0EA247F1FF8009ED792 /* LaunchScreen.storyboard in Resources */ = {isa = PBXBuildFile; fileRef = A47FB0E8247F1FF8009ED792 /* LaunchScreen.storyboard */; };
		A47FB0F2247F2011009ED792 /* Json.swift in Sources */ = {isa = PBXBuildFile; fileRef = A47FB0F1247F2011009ED792 /* Json.swift */; };
		A48320D0247FF639005EF278 /* Data.json in Resources */ = {isa = PBXBuildFile; fileRef = A48320CF247FF639005EF278 /* Data.json */; };
		A48320D2247FFC9A005EF278 /* JsonKeys.swift in Sources */ = {isa = PBXBuildFile; fileRef = A48320D1247FFC9A005EF278 /* JsonKeys.swift */; };
/* End PBXBuildFile section */

/* Begin PBXFileReference section */
		A44A475B248A3F700065E0E1 /* MenuCollectionViewCell.swift */ = {isa = PBXFileReference; lastKnownFileType = sourcecode.swift; path = MenuCollectionViewCell.swift; sourceTree = "<group>"; };
		A44A475F248A4D010065E0E1 /* Menu.swift */ = {isa = PBXFileReference; lastKnownFileType = sourcecode.swift; path = Menu.swift; sourceTree = "<group>"; };
		A47FB0DA247F1FF7009ED792 /* Parsing.app */ = {isa = PBXFileReference; explicitFileType = wrapper.application; includeInIndex = 0; path = Parsing.app; sourceTree = BUILT_PRODUCTS_DIR; };
		A47FB0DD247F1FF7009ED792 /* AppDelegate.swift */ = {isa = PBXFileReference; lastKnownFileType = sourcecode.swift; path = AppDelegate.swift; sourceTree = "<group>"; };
		A47FB0DF247F1FF7009ED792 /* SceneDelegate.swift */ = {isa = PBXFileReference; lastKnownFileType = sourcecode.swift; path = SceneDelegate.swift; sourceTree = "<group>"; };
		A47FB0E1247F1FF7009ED792 /* ViewController.swift */ = {isa = PBXFileReference; lastKnownFileType = sourcecode.swift; path = ViewController.swift; sourceTree = "<group>"; };
		A47FB0E4247F1FF7009ED792 /* Base */ = {isa = PBXFileReference; lastKnownFileType = file.storyboard; name = Base; path = Base.lproj/Main.storyboard; sourceTree = "<group>"; };
		A47FB0E6247F1FF8009ED792 /* Assets.xcassets */ = {isa = PBXFileReference; lastKnownFileType = folder.assetcatalog; path = Assets.xcassets; sourceTree = "<group>"; };
		A47FB0E9247F1FF8009ED792 /* Base */ = {isa = PBXFileReference; lastKnownFileType = file.storyboard; name = Base; path = Base.lproj/LaunchScreen.storyboard; sourceTree = "<group>"; };
		A47FB0EB247F1FF8009ED792 /* Info.plist */ = {isa = PBXFileReference; lastKnownFileType = text.plist.xml; path = Info.plist; sourceTree = "<group>"; };
		A47FB0F1247F2011009ED792 /* Json.swift */ = {isa = PBXFileReference; lastKnownFileType = sourcecode.swift; path = Json.swift; sourceTree = "<group>"; };
		A48320CF247FF639005EF278 /* Data.json */ = {isa = PBXFileReference; lastKnownFileType = text.json; path = Data.json; sourceTree = "<group>"; };
		A48320D1247FFC9A005EF278 /* JsonKeys.swift */ = {isa = PBXFileReference; lastKnownFileType = sourcecode.swift; path = JsonKeys.swift; sourceTree = "<group>"; };
/* End PBXFileReference section */

/* Begin PBXFrameworksBuildPhase section */
		A47FB0D7247F1FF7009ED792 /* Frameworks */ = {
			isa = PBXFrameworksBuildPhase;
			buildActionMask = 2147483647;
			files = (
			);
			runOnlyForDeploymentPostprocessing = 0;
		};
/* End PBXFrameworksBuildPhase section */

/* Begin PBXGroup section */
		A44A4763248A81E90065E0E1 /* Json */ = {
			isa = PBXGroup;
			children = (
				A48320D1247FFC9A005EF278 /* JsonKeys.swift */,
				A47FB0F1247F2011009ED792 /* Json.swift */,
				A48320CF247FF639005EF278 /* Data.json */,
			);
			path = Json;
			sourceTree = "<group>";
		};
		A47FB0D1247F1FF7009ED792 = {
			isa = PBXGroup;
			children = (
				A47FB0DC247F1FF7009ED792 /* Parsing */,
				A47FB0DB247F1FF7009ED792 /* Products */,
			);
			sourceTree = "<group>";
		};
		A47FB0DB247F1FF7009ED792 /* Products */ = {
			isa = PBXGroup;
			children = (
				A47FB0DA247F1FF7009ED792 /* Parsing.app */,
			);
			name = Products;
			sourceTree = "<group>";
		};
		A47FB0DC247F1FF7009ED792 /* Parsing */ = {
			isa = PBXGroup;
			children = (
				A47FB0DD247F1FF7009ED792 /* AppDelegate.swift */,
				A47FB0DF247F1FF7009ED792 /* SceneDelegate.swift */,
				A47FB0E1247F1FF7009ED792 /* ViewController.swift */,
				A44A475B248A3F700065E0E1 /* MenuCollectionViewCell.swift */,
				A44A475F248A4D010065E0E1 /* Menu.swift */,
				A44A4763248A81E90065E0E1 /* Json */,
				A47FB0E3247F1FF7009ED792 /* Main.storyboard */,
				A47FB0E6247F1FF8009ED792 /* Assets.xcassets */,
				A47FB0E8247F1FF8009ED792 /* LaunchScreen.storyboard */,
				A47FB0EB247F1FF8009ED792 /* Info.plist */,
			);
			path = Parsing;
			sourceTree = "<group>";
		};
/* End PBXGroup section */

/* Begin PBXNativeTarget section */
		A47FB0D9247F1FF7009ED792 /* Parsing */ = {
			isa = PBXNativeTarget;
			buildConfigurationList = A47FB0EE247F1FF8009ED792 /* Build configuration list for PBXNativeTarget "Parsing" */;
			buildPhases = (
				A47FB0D6247F1FF7009ED792 /* Sources */,
				A47FB0D7247F1FF7009ED792 /* Frameworks */,
				A47FB0D8247F1FF7009ED792 /* Resources */,
			);
			buildRules = (
			);
			dependencies = (
			);
			name = Parsing;
			productName = Parsing;
			productReference = A47FB0DA247F1FF7009ED792 /* Parsing.app */;
			productType = "com.apple.product-type.application";
		};
/* End PBXNativeTarget section */

/* Begin PBXProject section */
		A47FB0D2247F1FF7009ED792 /* Project object */ = {
			isa = PBXProject;
			attributes = {
				LastSwiftUpdateCheck = 1150;
				LastUpgradeCheck = 1150;
				ORGANIZATIONNAME = Artem;
				TargetAttributes = {
					A47FB0D9247F1FF7009ED792 = {
						CreatedOnToolsVersion = 11.5;
					};
				};
			};
			buildConfigurationList = A47FB0D5247F1FF7009ED792 /* Build configuration list for PBXProject "Parsing" */;
			compatibilityVersion = "Xcode 9.3";
			developmentRegion = en;
			hasScannedForEncodings = 0;
			knownRegions = (
				en,
				Base,
			);
			mainGroup = A47FB0D1247F1FF7009ED792;
			productRefGroup = A47FB0DB247F1FF7009ED792 /* Products */;
			projectDirPath = "";
			projectRoot = "";
			targets = (
				A47FB0D9247F1FF7009ED792 /* Parsing */,
			);
		};
/* End PBXProject section */

/* Begin PBXResourcesBuildPhase section */
		A47FB0D8247F1FF7009ED792 /* Resources */ = {
			isa = PBXResourcesBuildPhase;
			buildActionMask = 2147483647;
			files = (
				A47FB0EA247F1FF8009ED792 /* LaunchScreen.storyboard in Resources */,
				A47FB0E7247F1FF8009ED792 /* Assets.xcassets in Resources */,
				A47FB0E5247F1FF7009ED792 /* Main.storyboard in Resources */,
				A48320D0247FF639005EF278 /* Data.json in Resources */,
			);
			runOnlyForDeploymentPostprocessing = 0;
		};
/* End PBXResourcesBuildPhase section */

/* Begin PBXSourcesBuildPhase section */
		A47FB0D6247F1FF7009ED792 /* Sources */ = {
			isa = PBXSourcesBuildPhase;
			buildActionMask = 2147483647;
			files = (
				A48320D2247FFC9A005EF278 /* JsonKeys.swift in Sources */,
				A47FB0E2247F1FF7009ED792 /* ViewController.swift in Sources */,
				A44A4760248A4D010065E0E1 /* Menu.swift in Sources */,
				A47FB0DE247F1FF7009ED792 /* AppDelegate.swift in Sources */,
				A47FB0F2247F2011009ED792 /* Json.swift in Sources */,
				A47FB0E0247F1FF7009ED792 /* SceneDelegate.swift in Sources */,
				A44A475C248A3F700065E0E1 /* MenuCollectionViewCell.swift in Sources */,
			);
			runOnlyForDeploymentPostprocessing = 0;
		};
/* End PBXSourcesBuildPhase section */

/* Begin PBXVariantGroup section */
		A47FB0E3247F1FF7009ED792 /* Main.storyboard */ = {
			isa = PBXVariantGroup;
			children = (
				A47FB0E4247F1FF7009ED792 /* Base */,
			);
			name = Main.storyboard;
			sourceTree = "<group>";
		};
		A47FB0E8247F1FF8009ED792 /* LaunchScreen.storyboard */ = {
			isa = PBXVariantGroup;
			children = (
				A47FB0E9247F1FF8009ED792 /* Base */,
			);
			name = LaunchScreen.storyboard;
			sourceTree = "<group>";
		};
/* End PBXVariantGroup section */

/* Begin XCBuildConfiguration section */
		A47FB0EC247F1FF8009ED792 /* Debug */ = {
			isa = XCBuildConfiguration;
			buildSettings = {
				ALWAYS_SEARCH_USER_PATHS = NO;
				CLANG_ANALYZER_NONNULL = YES;
				CLANG_ANALYZER_NUMBER_OBJECT_CONVERSION = YES_AGGRESSIVE;
				CLANG_CXX_LANGUAGE_STANDARD = "gnu++14";
				CLANG_CXX_LIBRARY = "libc++";
				CLANG_ENABLE_MODULES = YES;
				CLANG_ENABLE_OBJC_ARC = YES;
				CLANG_ENABLE_OBJC_WEAK = YES;
				CLANG_WARN_BLOCK_CAPTURE_AUTORELEASING = YES;
				CLANG_WARN_BOOL_CONVERSION = YES;
				CLANG_WARN_COMMA = YES;
				CLANG_WARN_CONSTANT_CONVERSION = YES;
				CLANG_WARN_DEPRECATED_OBJC_IMPLEMENTATIONS = YES;
				CLANG_WARN_DIRECT_OBJC_ISA_USAGE = YES_ERROR;
				CLANG_WARN_DOCUMENTATION_COMMENTS = YES;
				CLANG_WARN_EMPTY_BODY = YES;
				CLANG_WARN_ENUM_CONVERSION = YES;
				CLANG_WARN_INFINITE_RECURSION = YES;
				CLANG_WARN_INT_CONVERSION = YES;
				CLANG_WARN_NON_LITERAL_NULL_CONVERSION = YES;
				CLANG_WARN_OBJC_IMPLICIT_RETAIN_SELF = YES;
				CLANG_WARN_OBJC_LITERAL_CONVERSION = YES;
				CLANG_WARN_OBJC_ROOT_CLASS = YES_ERROR;
				CLANG_WARN_RANGE_LOOP_ANALYSIS = YES;
				CLANG_WARN_STRICT_PROTOTYPES = YES;
				CLANG_WARN_SUSPICIOUS_MOVE = YES;
				CLANG_WARN_UNGUARDED_AVAILABILITY = YES_AGGRESSIVE;
				CLANG_WARN_UNREACHABLE_CODE = YES;
				CLANG_WARN__DUPLICATE_METHOD_MATCH = YES;
				COPY_PHASE_STRIP = NO;
				DEBUG_INFORMATION_FORMAT = dwarf;
				ENABLE_STRICT_OBJC_MSGSEND = YES;
				ENABLE_TESTABILITY = YES;
				GCC_C_LANGUAGE_STANDARD = gnu11;
				GCC_DYNAMIC_NO_PIC = NO;
				GCC_NO_COMMON_BLOCKS = YES;
				GCC_OPTIMIZATION_LEVEL = 0;
				GCC_PREPROCESSOR_DEFINITIONS = (
					"DEBUG=1",
					"$(inherited)",
				);
				GCC_WARN_64_TO_32_BIT_CONVERSION = YES;
				GCC_WARN_ABOUT_RETURN_TYPE = YES_ERROR;
				GCC_WARN_UNDECLARED_SELECTOR = YES;
				GCC_WARN_UNINITIALIZED_AUTOS = YES_AGGRESSIVE;
				GCC_WARN_UNUSED_FUNCTION = YES;
				GCC_WARN_UNUSED_VARIABLE = YES;
				IPHONEOS_DEPLOYMENT_TARGET = 13.5;
				MTL_ENABLE_DEBUG_INFO = INCLUDE_SOURCE;
				MTL_FAST_MATH = YES;
				ONLY_ACTIVE_ARCH = YES;
				SDKROOT = iphoneos;
				SWIFT_ACTIVE_COMPILATION_CONDITIONS = DEBUG;
				SWIFT_OPTIMIZATION_LEVEL = "-Onone";
			};
			name = Debug;
		};
		A47FB0ED247F1FF8009ED792 /* Release */ = {
			isa = XCBuildConfiguration;
			buildSettings = {
				ALWAYS_SEARCH_USER_PATHS = NO;
				CLANG_ANALYZER_NONNULL = YES;
				CLANG_ANALYZER_NUMBER_OBJECT_CONVERSION = YES_AGGRESSIVE;
				CLANG_CXX_LANGUAGE_STANDARD = "gnu++14";
				CLANG_CXX_LIBRARY = "libc++";
				CLANG_ENABLE_MODULES = YES;
				CLANG_ENABLE_OBJC_ARC = YES;
				CLANG_ENABLE_OBJC_WEAK = YES;
				CLANG_WARN_BLOCK_CAPTURE_AUTORELEASING = YES;
				CLANG_WARN_BOOL_CONVERSION = YES;
				CLANG_WARN_COMMA = YES;
				CLANG_WARN_CONSTANT_CONVERSION = YES;
				CLANG_WARN_DEPRECATED_OBJC_IMPLEMENTATIONS = YES;
				CLANG_WARN_DIRECT_OBJC_ISA_USAGE = YES_ERROR;
				CLANG_WARN_DOCUMENTATION_COMMENTS = YES;
				CLANG_WARN_EMPTY_BODY = YES;
				CLANG_WARN_ENUM_CONVERSION = YES;
				CLANG_WARN_INFINITE_RECURSION = YES;
				CLANG_WARN_INT_CONVERSION = YES;
				CLANG_WARN_NON_LITERAL_NULL_CONVERSION = YES;
				CLANG_WARN_OBJC_IMPLICIT_RETAIN_SELF = YES;
				CLANG_WARN_OBJC_LITERAL_CONVERSION = YES;
				CLANG_WARN_OBJC_ROOT_CLASS = YES_ERROR;
				CLANG_WARN_RANGE_LOOP_ANALYSIS = YES;
				CLANG_WARN_STRICT_PROTOTYPES = YES;
				CLANG_WARN_SUSPICIOUS_MOVE = YES;
				CLANG_WARN_UNGUARDED_AVAILABILITY = YES_AGGRESSIVE;
				CLANG_WARN_UNREACHABLE_CODE = YES;
				CLANG_WARN__DUPLICATE_METHOD_MATCH = YES;
				COPY_PHASE_STRIP = NO;
				DEBUG_INFORMATION_FORMAT = "dwarf-with-dsym";
				ENABLE_NS_ASSERTIONS = NO;
				ENABLE_STRICT_OBJC_MSGSEND = YES;
				GCC_C_LANGUAGE_STANDARD = gnu11;
				GCC_NO_COMMON_BLOCKS = YES;
				GCC_WARN_64_TO_32_BIT_CONVERSION = YES;
				GCC_WARN_ABOUT_RETURN_TYPE = YES_ERROR;
				GCC_WARN_UNDECLARED_SELECTOR = YES;
				GCC_WARN_UNINITIALIZED_AUTOS = YES_AGGRESSIVE;
				GCC_WARN_UNUSED_FUNCTION = YES;
				GCC_WARN_UNUSED_VARIABLE = YES;
				IPHONEOS_DEPLOYMENT_TARGET = 13.5;
				MTL_ENABLE_DEBUG_INFO = NO;
				MTL_FAST_MATH = YES;
				SDKROOT = iphoneos;
				SWIFT_COMPILATION_MODE = wholemodule;
				SWIFT_OPTIMIZATION_LEVEL = "-O";
				VALIDATE_PRODUCT = YES;
			};
			name = Release;
		};
		A47FB0EF247F1FF8009ED792 /* Debug */ = {
			isa = XCBuildConfiguration;
			buildSettings = {
				ASSETCATALOG_COMPILER_APPICON_NAME = AppIcon;
				CODE_SIGN_STYLE = Automatic;
				INFOPLIST_FILE = Parsing/Info.plist;
				LD_RUNPATH_SEARCH_PATHS = (
					"$(inherited)",
					"@executable_path/Frameworks",
				);
				PRODUCT_BUNDLE_IDENTIFIER = home.Parsing;
				PRODUCT_NAME = "$(TARGET_NAME)";
				SWIFT_VERSION = 5.0;
				TARGETED_DEVICE_FAMILY = "1,2";
			};
			name = Debug;
		};
		A47FB0F0247F1FF8009ED792 /* Release */ = {
			isa = XCBuildConfiguration;
			buildSettings = {
				ASSETCATALOG_COMPILER_APPICON_NAME = AppIcon;
				CODE_SIGN_STYLE = Automatic;
				INFOPLIST_FILE = Parsing/Info.plist;
				LD_RUNPATH_SEARCH_PATHS = (
					"$(inherited)",
					"@executable_path/Frameworks",
				);
				PRODUCT_BUNDLE_IDENTIFIER = home.Parsing;
				PRODUCT_NAME = "$(TARGET_NAME)";
				SWIFT_VERSION = 5.0;
				TARGETED_DEVICE_FAMILY = "1,2";
			};
			name = Release;
		};
/* End XCBuildConfiguration section */

/* Begin XCConfigurationList section */
		A47FB0D5247F1FF7009ED792 /* Build configuration list for PBXProject "Parsing" */ = {
			isa = XCConfigurationList;
			buildConfigurations = (
				A47FB0EC247F1FF8009ED792 /* Debug */,
				A47FB0ED247F1FF8009ED792 /* Release */,
			);
			defaultConfigurationIsVisible = 0;
			defaultConfigurationName = Release;
		};
		A47FB0EE247F1FF8009ED792 /* Build configuration list for PBXNativeTarget "Parsing" */ = {
			isa = XCConfigurationList;
			buildConfigurations = (
				A47FB0EF247F1FF8009ED792 /* Debug */,
				A47FB0F0247F1FF8009ED792 /* Release */,
			);
			defaultConfigurationIsVisible = 0;
			defaultConfigurationName = Release;
		};
/* End XCConfigurationList section */
	};
	rootObject = A47FB0D2247F1FF7009ED792 /* Project object */;
}
