// !$*UTF8*$!
{
	archiveVersion = 1;
	classes = {
	};
	objectVersion = 51;
	objects = {

/* Begin PBXBuildFile section */
		01A331EC1283414ACCE86CCF /* Pods_Parsing.framework in Frameworks */ = {isa = PBXBuildFile; fileRef = 43DFAC0633020D2DCC4B7215 /* Pods_Parsing.framework */; };
		2CB24A8724E30617001941EF /* MainViewPresenter.swift in Sources */ = {isa = PBXBuildFile; fileRef = 2CB24A8624E30617001941EF /* MainViewPresenter.swift */; };
		2CB24A8924E31028001941EF /* MenuCollectionViewCell.swift in Sources */ = {isa = PBXBuildFile; fileRef = 2CB24A8824E31028001941EF /* MenuCollectionViewCell.swift */; };
		A44A4760248A4D010065E0E1 /* Menu.swift in Sources */ = {isa = PBXBuildFile; fileRef = A44A475F248A4D010065E0E1 /* Menu.swift */; };
		A44A4765248B14410065E0E1 /* DetailViewController.swift in Sources */ = {isa = PBXBuildFile; fileRef = A44A4764248B14410065E0E1 /* DetailViewController.swift */; };
		A47FB0DE247F1FF7009ED792 /* AppDelegate.swift in Sources */ = {isa = PBXBuildFile; fileRef = A47FB0DD247F1FF7009ED792 /* AppDelegate.swift */; };
		A47FB0E0247F1FF7009ED792 /* SceneDelegate.swift in Sources */ = {isa = PBXBuildFile; fileRef = A47FB0DF247F1FF7009ED792 /* SceneDelegate.swift */; };
		A47FB0E2247F1FF7009ED792 /* MainViewController.swift in Sources */ = {isa = PBXBuildFile; fileRef = A47FB0E1247F1FF7009ED792 /* MainViewController.swift */; };
		A47FB0E5247F1FF7009ED792 /* Main.storyboard in Resources */ = {isa = PBXBuildFile; fileRef = A47FB0E3247F1FF7009ED792 /* Main.storyboard */; };
		A47FB0E7247F1FF8009ED792 /* Assets.xcassets in Resources */ = {isa = PBXBuildFile; fileRef = A47FB0E6247F1FF8009ED792 /* Assets.xcassets */; };
		A47FB0EA247F1FF8009ED792 /* LaunchScreen.storyboard in Resources */ = {isa = PBXBuildFile; fileRef = A47FB0E8247F1FF8009ED792 /* LaunchScreen.storyboard */; };
		A47FB0F2247F2011009ED792 /* Json.swift in Sources */ = {isa = PBXBuildFile; fileRef = A47FB0F1247F2011009ED792 /* Json.swift */; };
		A48320D0247FF639005EF278 /* Data.json in Resources */ = {isa = PBXBuildFile; fileRef = A48320CF247FF639005EF278 /* Data.json */; };
		A48320D2247FFC9A005EF278 /* JsonKeys.swift in Sources */ = {isa = PBXBuildFile; fileRef = A48320D1247FFC9A005EF278 /* JsonKeys.swift */; };
/* End PBXBuildFile section */

/* Begin PBXFileReference section */
		2CB24A8624E30617001941EF /* MainViewPresenter.swift */ = {isa = PBXFileReference; lastKnownFileType = sourcecode.swift; path = MainViewPresenter.swift; sourceTree = "<group>"; };
		2CB24A8824E31028001941EF /* MenuCollectionViewCell.swift */ = {isa = PBXFileReference; lastKnownFileType = sourcecode.swift; path = MenuCollectionViewCell.swift; sourceTree = "<group>"; };
		43DFAC0633020D2DCC4B7215 /* Pods_Parsing.framework */ = {isa = PBXFileReference; explicitFileType = wrapper.framework; includeInIndex = 0; path = Pods_Parsing.framework; sourceTree = BUILT_PRODUCTS_DIR; };
		5323475DED2C16329992606F /* Pods-Parsing.release.xcconfig */ = {isa = PBXFileReference; includeInIndex = 1; lastKnownFileType = text.xcconfig; name = "Pods-Parsing.release.xcconfig"; path = "Target Support Files/Pods-Parsing/Pods-Parsing.release.xcconfig"; sourceTree = "<group>"; };
		93FE8DECD7EA32A246484EF7 /* Pods-Parsing.debug.xcconfig */ = {isa = PBXFileReference; includeInIndex = 1; lastKnownFileType = text.xcconfig; name = "Pods-Parsing.debug.xcconfig"; path = "Target Support Files/Pods-Parsing/Pods-Parsing.debug.xcconfig"; sourceTree = "<group>"; };
		A44A475F248A4D010065E0E1 /* Menu.swift */ = {isa = PBXFileReference; lastKnownFileType = sourcecode.swift; path = Menu.swift; sourceTree = "<group>"; };
		A44A4764248B14410065E0E1 /* DetailViewController.swift */ = {isa = PBXFileReference; lastKnownFileType = sourcecode.swift; path = DetailViewController.swift; sourceTree = "<group>"; };
		A47FB0DA247F1FF7009ED792 /* Parsing.app */ = {isa = PBXFileReference; explicitFileType = wrapper.application; includeInIndex = 0; path = Parsing.app; sourceTree = BUILT_PRODUCTS_DIR; };
		A47FB0DD247F1FF7009ED792 /* AppDelegate.swift */ = {isa = PBXFileReference; lastKnownFileType = sourcecode.swift; path = AppDelegate.swift; sourceTree = "<group>"; };
		A47FB0DF247F1FF7009ED792 /* SceneDelegate.swift */ = {isa = PBXFileReference; lastKnownFileType = sourcecode.swift; path = SceneDelegate.swift; sourceTree = "<group>"; };
		A47FB0E1247F1FF7009ED792 /* MainViewController.swift */ = {isa = PBXFileReference; lastKnownFileType = sourcecode.swift; path = MainViewController.swift; sourceTree = "<group>"; };
		A47FB0E4247F1FF7009ED792 /* Base */ = {isa = PBXFileReference; lastKnownFileType = file.storyboard; name = Base; path = Base.lproj/Main.storyboard; sourceTree = "<group>"; };
		A47FB0E6247F1FF8009ED792 /* Assets.xcassets */ = {isa = PBXFileReference; lastKnownFileType = folder.assetcatalog; path = Assets.xcassets; sourceTree = "<group>"; };
		A47FB0E9247F1FF8009ED792 /* Base */ = {isa = PBXFileReference; lastKnownFileType = file.storyboard; name = Base; path = Base.lproj/LaunchScreen.storyboard; sourceTree = "<group>"; };
		A47FB0EB247F1FF8009ED792 /* Info.plist */ = {isa = PBXFileReference; lastKnownFileType = text.plist.xml; path = Info.plist; sourceTree = "<group>"; };
		A47FB0F1247F2011009ED792 /* Json.swift */ = {isa = PBXFileReference; lastKnownFileType = sourcecode.swift; path = Json.swift; sourceTree = "<group>"; };
		A48320CF247FF639005EF278 /* Data.json */ = {isa = PBXFileReference; lastKnownFileType = text.json; path = Data.json; sourceTree = "<group>"; };
		A48320D1247FFC9A005EF278 /* JsonKeys.swift */ = {isa = PBXFileReference; lastKnownFileType = sourcecode.swift; path = JsonKeys.swift; sourceTree = "<group>"; };
/* End PBXFileReference section */

/* Begin PBXFrameworksBuildPhase section */
		A47FB0D7247F1FF7009ED792 /* Frameworks */ = {
			isa = PBXFrameworksBuildPhase;
			buildActionMask = 2147483647;
			files = (
				01A331EC1283414ACCE86CCF /* Pods_Parsing.framework in Frameworks */,
			);
			runOnlyForDeploymentPostprocessing = 0;
		};
/* End PBXFrameworksBuildPhase section */

/* Begin PBXGroup section */
		2CB24A7C24E2EF8C001941EF /* ServiceApi */ = {
			isa = PBXGroup;
			children = (
				A44A4763248A81E90065E0E1 /* Json */,
				2CB24A7D24E2F067001941EF /* Network */,
			);
			path = ServiceApi;
			sourceTree = "<group>";
		};
		2CB24A7D24E2F067001941EF /* Network */ = {
			isa = PBXGroup;
			children = (
			);
			path = Network;
			sourceTree = "<group>";
		};
		2CB24A7F24E2F18B001941EF /* Storyboards */ = {
			isa = PBXGroup;
			children = (
				A47FB0E3247F1FF7009ED792 /* Main.storyboard */,
			);
			path = Storyboards;
			sourceTree = "<group>";
		};
		2CB24A8024E2F1B8001941EF /* Suport */ = {
			isa = PBXGroup;
			children = (
				A47FB0E8247F1FF8009ED792 /* LaunchScreen.storyboard */,
				A47FB0E6247F1FF8009ED792 /* Assets.xcassets */,
				A47FB0EB247F1FF8009ED792 /* Info.plist */,
			);
			path = Suport;
			sourceTree = "<group>";
		};
		2CB24A8124E2F258001941EF /* AppDelegate */ = {
			isa = PBXGroup;
			children = (
				A47FB0DD247F1FF7009ED792 /* AppDelegate.swift */,
				A47FB0DF247F1FF7009ED792 /* SceneDelegate.swift */,
			);
			path = AppDelegate;
			sourceTree = "<group>";
		};
		2CB24A8224E2F295001941EF /* Modules */ = {
			isa = PBXGroup;
			children = (
				2CB24A8324E30522001941EF /* Main */,
			);
			path = Modules;
			sourceTree = "<group>";
		};
		2CB24A8324E30522001941EF /* Main */ = {
			isa = PBXGroup;
			children = (
				A44A475F248A4D010065E0E1 /* Menu.swift */,
				A47FB0E1247F1FF7009ED792 /* MainViewController.swift */,
				2CB24A8624E30617001941EF /* MainViewPresenter.swift */,
				2CB24A8524E305BC001941EF /* MainCollectionCell */,
				2CB24A8424E30558001941EF /* MainDetail */,
			);
			path = Main;
			sourceTree = "<group>";
		};
		2CB24A8424E30558001941EF /* MainDetail */ = {
			isa = PBXGroup;
			children = (
				A44A4764248B14410065E0E1 /* DetailViewController.swift */,
			);
			path = MainDetail;
			sourceTree = "<group>";
			tabWidth = 4;
		};
		2CB24A8524E305BC001941EF /* MainCollectionCell */ = {
			isa = PBXGroup;
			children = (
				2CB24A8824E31028001941EF /* MenuCollectionViewCell.swift */,
			);
			path = MainCollectionCell;
			sourceTree = "<group>";
		};
		3DCA2E1DA0AF5867803331E7 /* Frameworks */ = {
			isa = PBXGroup;
			children = (
				43DFAC0633020D2DCC4B7215 /* Pods_Parsing.framework */,
			);
			name = Frameworks;
			sourceTree = "<group>";
		};
		A44A4763248A81E90065E0E1 /* Json */ = {
			isa = PBXGroup;
			children = (
				A48320D1247FFC9A005EF278 /* JsonKeys.swift */,
				A47FB0F1247F2011009ED792 /* Json.swift */,
				A48320CF247FF639005EF278 /* Data.json */,
			);
			path = Json;
			sourceTree = "<group>";
		};
		A47FB0D1247F1FF7009ED792 = {
			isa = PBXGroup;
			children = (
				A47FB0DC247F1FF7009ED792 /* Parsing */,
				A47FB0DB247F1FF7009ED792 /* Products */,
				B79F7469AC1DD7C5A6F760D2 /* Pods */,
				3DCA2E1DA0AF5867803331E7 /* Frameworks */,
			);
			sourceTree = "<group>";
		};
		A47FB0DB247F1FF7009ED792 /* Products */ = {
			isa = PBXGroup;
			children = (
				A47FB0DA247F1FF7009ED792 /* Parsing.app */,
			);
			name = Products;
			sourceTree = "<group>";
		};
		A47FB0DC247F1FF7009ED792 /* Parsing */ = {
			isa = PBXGroup;
			children = (
				2CB24A8124E2F258001941EF /* AppDelegate */,
				2CB24A7C24E2EF8C001941EF /* ServiceApi */,
				2CB24A8224E2F295001941EF /* Modules */,
				2CB24A7F24E2F18B001941EF /* Storyboards */,
				2CB24A8024E2F1B8001941EF /* Suport */,
			);
			path = Parsing;
			sourceTree = "<group>";
		};
		B79F7469AC1DD7C5A6F760D2 /* Pods */ = {
			isa = PBXGroup;
			children = (
				93FE8DECD7EA32A246484EF7 /* Pods-Parsing.debug.xcconfig */,
				5323475DED2C16329992606F /* Pods-Parsing.release.xcconfig */,
			);
			path = Pods;
			sourceTree = "<group>";
		};
/* End PBXGroup section */

/* Begin PBXNativeTarget section */
		A47FB0D9247F1FF7009ED792 /* Parsing */ = {
			isa = PBXNativeTarget;
			buildConfigurationList = A47FB0EE247F1FF8009ED792 /* Build configuration list for PBXNativeTarget "Parsing" */;
			buildPhases = (
				6E3A24587102FD4B15B96592 /* [CP] Check Pods Manifest.lock */,
				A47FB0D6247F1FF7009ED792 /* Sources */,
				A47FB0D7247F1FF7009ED792 /* Frameworks */,
				A47FB0D8247F1FF7009ED792 /* Resources */,
				4FA9E430F045E13A490590D1 /* [CP] Embed Pods Frameworks */,
			);
			buildRules = (
			);
			dependencies = (
			);
			name = Parsing;
			productName = Parsing;
			productReference = A47FB0DA247F1FF7009ED792 /* Parsing.app */;
			productType = "com.apple.product-type.application";
		};
/* End PBXNativeTarget section */

/* Begin PBXProject section */
		A47FB0D2247F1FF7009ED792 /* Project object */ = {
			isa = PBXProject;
			attributes = {
				LastSwiftUpdateCheck = 1150;
				LastUpgradeCheck = 1150;
				ORGANIZATIONNAME = Artem;
				TargetAttributes = {
					A47FB0D9247F1FF7009ED792 = {
						CreatedOnToolsVersion = 11.5;
					};
				};
			};
			buildConfigurationList = A47FB0D5247F1FF7009ED792 /* Build configuration list for PBXProject "Parsing" */;
			compatibilityVersion = "Xcode 9.3";
			developmentRegion = en;
			hasScannedForEncodings = 0;
			knownRegions = (
				en,
				Base,
			);
			mainGroup = A47FB0D1247F1FF7009ED792;
			productRefGroup = A47FB0DB247F1FF7009ED792 /* Products */;
			projectDirPath = "";
			projectRoot = "";
			targets = (
				A47FB0D9247F1FF7009ED792 /* Parsing */,
			);
		};
/* End PBXProject section */

/* Begin PBXResourcesBuildPhase section */
		A47FB0D8247F1FF7009ED792 /* Resources */ = {
			isa = PBXResourcesBuildPhase;
			buildActionMask = 2147483647;
			files = (
				A47FB0EA247F1FF8009ED792 /* LaunchScreen.storyboard in Resources */,
				A47FB0E7247F1FF8009ED792 /* Assets.xcassets in Resources */,
				A47FB0E5247F1FF7009ED792 /* Main.storyboard in Resources */,
				A48320D0247FF639005EF278 /* Data.json in Resources */,
			);
			runOnlyForDeploymentPostprocessing = 0;
		};
/* End PBXResourcesBuildPhase section */

/* Begin PBXShellScriptBuildPhase section */
		4FA9E430F045E13A490590D1 /* [CP] Embed Pods Frameworks */ = {
			isa = PBXShellScriptBuildPhase;
			buildActionMask = 2147483647;
			files = (
			);
			inputFileListPaths = (
				"${PODS_ROOT}/Target Support Files/Pods-Parsing/Pods-Parsing-frameworks-${CONFIGURATION}-input-files.xcfilelist",
			);
			name = "[CP] Embed Pods Frameworks";
			outputFileListPaths = (
				"${PODS_ROOT}/Target Support Files/Pods-Parsing/Pods-Parsing-frameworks-${CONFIGURATION}-output-files.xcfilelist",
			);
			runOnlyForDeploymentPostprocessing = 0;
			shellPath = /bin/sh;
			shellScript = "\"${PODS_ROOT}/Target Support Files/Pods-Parsing/Pods-Parsing-frameworks.sh\"\n";
			showEnvVarsInLog = 0;
		};
		6E3A24587102FD4B15B96592 /* [CP] Check Pods Manifest.lock */ = {
			isa = PBXShellScriptBuildPhase;
			buildActionMask = 2147483647;
			files = (
			);
			inputFileListPaths = (
			);
			inputPaths = (
				"${PODS_PODFILE_DIR_PATH}/Podfile.lock",
				"${PODS_ROOT}/Manifest.lock",
			);
			name = "[CP] Check Pods Manifest.lock";
			outputFileListPaths = (
			);
			outputPaths = (
				"$(DERIVED_FILE_DIR)/Pods-Parsing-checkManifestLockResult.txt",
			);
			runOnlyForDeploymentPostprocessing = 0;
			shellPath = /bin/sh;
			shellScript = "diff \"${PODS_PODFILE_DIR_PATH}/Podfile.lock\" \"${PODS_ROOT}/Manifest.lock\" > /dev/null\nif [ $? != 0 ] ; then\n    # print error to STDERR\n    echo \"error: The sandbox is not in sync with the Podfile.lock. Run 'pod install' or update your CocoaPods installation.\" >&2\n    exit 1\nfi\n# This output is used by Xcode 'outputs' to avoid re-running this script phase.\necho \"SUCCESS\" > \"${SCRIPT_OUTPUT_FILE_0}\"\n";
			showEnvVarsInLog = 0;
		};
/* End PBXShellScriptBuildPhase section */

/* Begin PBXSourcesBuildPhase section */
		A47FB0D6247F1FF7009ED792 /* Sources */ = {
			isa = PBXSourcesBuildPhase;
			buildActionMask = 2147483647;
			files = (
				A48320D2247FFC9A005EF278 /* JsonKeys.swift in Sources */,
				A47FB0E2247F1FF7009ED792 /* MainViewController.swift in Sources */,
				2CB24A8924E31028001941EF /* MenuCollectionViewCell.swift in Sources */,
				A44A4760248A4D010065E0E1 /* Menu.swift in Sources */,
				A47FB0DE247F1FF7009ED792 /* AppDelegate.swift in Sources */,
				A47FB0F2247F2011009ED792 /* Json.swift in Sources */,
				A47FB0E0247F1FF7009ED792 /* SceneDelegate.swift in Sources */,
				A44A4765248B14410065E0E1 /* DetailViewController.swift in Sources */,
				2CB24A8724E30617001941EF /* MainViewPresenter.swift in Sources */,
			);
			runOnlyForDeploymentPostprocessing = 0;
		};
/* End PBXSourcesBuildPhase section */

/* Begin PBXVariantGroup section */
		A47FB0E3247F1FF7009ED792 /* Main.storyboard */ = {
			isa = PBXVariantGroup;
			children = (
				A47FB0E4247F1FF7009ED792 /* Base */,
			);
			name = Main.storyboard;
			sourceTree = "<group>";
		};
		A47FB0E8247F1FF8009ED792 /* LaunchScreen.storyboard */ = {
			isa = PBXVariantGroup;
			children = (
				A47FB0E9247F1FF8009ED792 /* Base */,
			);
			name = LaunchScreen.storyboard;
			sourceTree = "<group>";
		};
/* End PBXVariantGroup section */

/* Begin XCBuildConfiguration section */
		A47FB0EC247F1FF8009ED792 /* Debug */ = {
			isa = XCBuildConfiguration;
			buildSettings = {
				ALWAYS_SEARCH_USER_PATHS = NO;
				CLANG_ANALYZER_NONNULL = YES;
				CLANG_ANALYZER_NUMBER_OBJECT_CONVERSION = YES_AGGRESSIVE;
				CLANG_CXX_LANGUAGE_STANDARD = "gnu++14";
				CLANG_CXX_LIBRARY = "libc++";
				CLANG_ENABLE_MODULES = YES;
				CLANG_ENABLE_OBJC_ARC = YES;
				CLANG_ENABLE_OBJC_WEAK = YES;
				CLANG_WARN_BLOCK_CAPTURE_AUTORELEASING = YES;
				CLANG_WARN_BOOL_CONVERSION = YES;
				CLANG_WARN_COMMA = YES;
				CLANG_WARN_CONSTANT_CONVERSION = YES;
				CLANG_WARN_DEPRECATED_OBJC_IMPLEMENTATIONS = YES;
				CLANG_WARN_DIRECT_OBJC_ISA_USAGE = YES_ERROR;
				CLANG_WARN_DOCUMENTATION_COMMENTS = YES;
				CLANG_WARN_EMPTY_BODY = YES;
				CLANG_WARN_ENUM_CONVERSION = YES;
				CLANG_WARN_INFINITE_RECURSION = YES;
				CLANG_WARN_INT_CONVERSION = YES;
				CLANG_WARN_NON_LITERAL_NULL_CONVERSION = YES;
				CLANG_WARN_OBJC_IMPLICIT_RETAIN_SELF = YES;
				CLANG_WARN_OBJC_LITERAL_CONVERSION = YES;
				CLANG_WARN_OBJC_ROOT_CLASS = YES_ERROR;
				CLANG_WARN_RANGE_LOOP_ANALYSIS = YES;
				CLANG_WARN_STRICT_PROTOTYPES = YES;
				CLANG_WARN_SUSPICIOUS_MOVE = YES;
				CLANG_WARN_UNGUARDED_AVAILABILITY = YES_AGGRESSIVE;
				CLANG_WARN_UNREACHABLE_CODE = YES;
				CLANG_WARN__DUPLICATE_METHOD_MATCH = YES;
				COPY_PHASE_STRIP = NO;
				DEBUG_INFORMATION_FORMAT = dwarf;
				ENABLE_STRICT_OBJC_MSGSEND = YES;
				ENABLE_TESTABILITY = YES;
				GCC_C_LANGUAGE_STANDARD = gnu11;
				GCC_DYNAMIC_NO_PIC = NO;
				GCC_NO_COMMON_BLOCKS = YES;
				GCC_OPTIMIZATION_LEVEL = 0;
				GCC_PREPROCESSOR_DEFINITIONS = (
					"DEBUG=1",
					"$(inherited)",
				);
				GCC_WARN_64_TO_32_BIT_CONVERSION = YES;
				GCC_WARN_ABOUT_RETURN_TYPE = YES_ERROR;
				GCC_WARN_UNDECLARED_SELECTOR = YES;
				GCC_WARN_UNINITIALIZED_AUTOS = YES_AGGRESSIVE;
				GCC_WARN_UNUSED_FUNCTION = YES;
				GCC_WARN_UNUSED_VARIABLE = YES;
				IPHONEOS_DEPLOYMENT_TARGET = 13.5;
				MTL_ENABLE_DEBUG_INFO = INCLUDE_SOURCE;
				MTL_FAST_MATH = YES;
				ONLY_ACTIVE_ARCH = YES;
				SDKROOT = iphoneos;
				SWIFT_ACTIVE_COMPILATION_CONDITIONS = DEBUG;
				SWIFT_OPTIMIZATION_LEVEL = "-Onone";
			};
			name = Debug;
		};
		A47FB0ED247F1FF8009ED792 /* Release */ = {
			isa = XCBuildConfiguration;
			buildSettings = {
				ALWAYS_SEARCH_USER_PATHS = NO;
				CLANG_ANALYZER_NONNULL = YES;
				CLANG_ANALYZER_NUMBER_OBJECT_CONVERSION = YES_AGGRESSIVE;
				CLANG_CXX_LANGUAGE_STANDARD = "gnu++14";
				CLANG_CXX_LIBRARY = "libc++";
				CLANG_ENABLE_MODULES = YES;
				CLANG_ENABLE_OBJC_ARC = YES;
				CLANG_ENABLE_OBJC_WEAK = YES;
				CLANG_WARN_BLOCK_CAPTURE_AUTORELEASING = YES;
				CLANG_WARN_BOOL_CONVERSION = YES;
				CLANG_WARN_COMMA = YES;
				CLANG_WARN_CONSTANT_CONVERSION = YES;
				CLANG_WARN_DEPRECATED_OBJC_IMPLEMENTATIONS = YES;
				CLANG_WARN_DIRECT_OBJC_ISA_USAGE = YES_ERROR;
				CLANG_WARN_DOCUMENTATION_COMMENTS = YES;
				CLANG_WARN_EMPTY_BODY = YES;
				CLANG_WARN_ENUM_CONVERSION = YES;
				CLANG_WARN_INFINITE_RECURSION = YES;
				CLANG_WARN_INT_CONVERSION = YES;
				CLANG_WARN_NON_LITERAL_NULL_CONVERSION = YES;
				CLANG_WARN_OBJC_IMPLICIT_RETAIN_SELF = YES;
				CLANG_WARN_OBJC_LITERAL_CONVERSION = YES;
				CLANG_WARN_OBJC_ROOT_CLASS = YES_ERROR;
				CLANG_WARN_RANGE_LOOP_ANALYSIS = YES;
				CLANG_WARN_STRICT_PROTOTYPES = YES;
				CLANG_WARN_SUSPICIOUS_MOVE = YES;
				CLANG_WARN_UNGUARDED_AVAILABILITY = YES_AGGRESSIVE;
				CLANG_WARN_UNREACHABLE_CODE = YES;
				CLANG_WARN__DUPLICATE_METHOD_MATCH = YES;
				COPY_PHASE_STRIP = NO;
				DEBUG_INFORMATION_FORMAT = "dwarf-with-dsym";
				ENABLE_NS_ASSERTIONS = NO;
				ENABLE_STRICT_OBJC_MSGSEND = YES;
				GCC_C_LANGUAGE_STANDARD = gnu11;
				GCC_NO_COMMON_BLOCKS = YES;
				GCC_WARN_64_TO_32_BIT_CONVERSION = YES;
				GCC_WARN_ABOUT_RETURN_TYPE = YES_ERROR;
				GCC_WARN_UNDECLARED_SELECTOR = YES;
				GCC_WARN_UNINITIALIZED_AUTOS = YES_AGGRESSIVE;
				GCC_WARN_UNUSED_FUNCTION = YES;
				GCC_WARN_UNUSED_VARIABLE = YES;
				IPHONEOS_DEPLOYMENT_TARGET = 13.5;
				MTL_ENABLE_DEBUG_INFO = NO;
				MTL_FAST_MATH = YES;
				SDKROOT = iphoneos;
				SWIFT_COMPILATION_MODE = wholemodule;
				SWIFT_OPTIMIZATION_LEVEL = "-O";
				VALIDATE_PRODUCT = YES;
			};
			name = Release;
		};
		A47FB0EF247F1FF8009ED792 /* Debug */ = {
			isa = XCBuildConfiguration;
			baseConfigurationReference = 93FE8DECD7EA32A246484EF7 /* Pods-Parsing.debug.xcconfig */;
			buildSettings = {
				ASSETCATALOG_COMPILER_APPICON_NAME = AppIcon;
				CODE_SIGN_STYLE = Automatic;
				CURRENT_PROJECT_VERSION = 1;
				INFOPLIST_FILE = Parsing/Suport/Info.plist;
				LD_RUNPATH_SEARCH_PATHS = (
					"$(inherited)",
					"@executable_path/Frameworks",
				);
				MARKETING_VERSION = 1.0;
				PRODUCT_BUNDLE_IDENTIFIER = home.Parsing;
				PRODUCT_NAME = "$(TARGET_NAME)";
				SWIFT_VERSION = 5.0;
				TARGETED_DEVICE_FAMILY = "1,2";
			};
			name = Debug;
		};
		A47FB0F0247F1FF8009ED792 /* Release */ = {
			isa = XCBuildConfiguration;
			baseConfigurationReference = 5323475DED2C16329992606F /* Pods-Parsing.release.xcconfig */;
			buildSettings = {
				ASSETCATALOG_COMPILER_APPICON_NAME = AppIcon;
				CODE_SIGN_STYLE = Automatic;
				CURRENT_PROJECT_VERSION = 1;
				INFOPLIST_FILE = Parsing/Suport/Info.plist;
				LD_RUNPATH_SEARCH_PATHS = (
					"$(inherited)",
					"@executable_path/Frameworks",
				);
				MARKETING_VERSION = 1.0;
				PRODUCT_BUNDLE_IDENTIFIER = home.Parsing;
				PRODUCT_NAME = "$(TARGET_NAME)";
				SWIFT_VERSION = 5.0;
				TARGETED_DEVICE_FAMILY = "1,2";
			};
			name = Release;
		};
/* End XCBuildConfiguration section */

/* Begin XCConfigurationList section */
		A47FB0D5247F1FF7009ED792 /* Build configuration list for PBXProject "Parsing" */ = {
			isa = XCConfigurationList;
			buildConfigurations = (
				A47FB0EC247F1FF8009ED792 /* Debug */,
				A47FB0ED247F1FF8009ED792 /* Release */,
			);
			defaultConfigurationIsVisible = 0;
			defaultConfigurationName = Release;
		};
		A47FB0EE247F1FF8009ED792 /* Build configuration list for PBXNativeTarget "Parsing" */ = {
			isa = XCConfigurationList;
			buildConfigurations = (
				A47FB0EF247F1FF8009ED792 /* Debug */,
				A47FB0F0247F1FF8009ED792 /* Release */,
			);
			defaultConfigurationIsVisible = 0;
			defaultConfigurationName = Release;
		};
/* End XCConfigurationList section */
	};
	rootObject = A47FB0D2247F1FF7009ED792 /* Project object */;
}
